// !$*UTF8*$!
{
	archiveVersion = 1;
	classes = {
	};
	objectVersion = 46;
	objects = {

/* Begin PBXBuildFile section */
		A5AACE0E1AE6660B0066ACEC /* main.m in Sources */ = {isa = PBXBuildFile; fileRef = A5AACE0D1AE6660B0066ACEC /* main.m */; };
		A5AACE111AE6660B0066ACEC /* AppDelegate.m in Sources */ = {isa = PBXBuildFile; fileRef = A5AACE101AE6660B0066ACEC /* AppDelegate.m */; };
		A5AACE171AE6660B0066ACEC /* Main.storyboard in Resources */ = {isa = PBXBuildFile; fileRef = A5AACE151AE6660B0066ACEC /* Main.storyboard */; };
		A5AACE191AE6660B0066ACEC /* Images.xcassets in Resources */ = {isa = PBXBuildFile; fileRef = A5AACE181AE6660B0066ACEC /* Images.xcassets */; };
		A5AACE1C1AE6660B0066ACEC /* LaunchScreen.xib in Resources */ = {isa = PBXBuildFile; fileRef = A5AACE1A1AE6660B0066ACEC /* LaunchScreen.xib */; };
		A5AACE281AE6660B0066ACEC /* UberShareTests.m in Sources */ = {isa = PBXBuildFile; fileRef = A5AACE271AE6660B0066ACEC /* UberShareTests.m */; };
		A5B389981AE66A5F003614F6 /* USViewController.m in Sources */ = {isa = PBXBuildFile; fileRef = A5B389971AE66A5F003614F6 /* USViewController.m */; };
		A5FC7D731AEBD0CC00F0C0BB /* GTLCalendarAcl.m in Sources */ = {isa = PBXBuildFile; fileRef = A5FC7D401AEBD0CC00F0C0BB /* GTLCalendarAcl.m */; };
		A5FC7D741AEBD0CC00F0C0BB /* GTLCalendarAclRule.m in Sources */ = {isa = PBXBuildFile; fileRef = A5FC7D421AEBD0CC00F0C0BB /* GTLCalendarAclRule.m */; };
		A5FC7D751AEBD0CC00F0C0BB /* GTLCalendarCalendar.m in Sources */ = {isa = PBXBuildFile; fileRef = A5FC7D441AEBD0CC00F0C0BB /* GTLCalendarCalendar.m */; };
		A5FC7D761AEBD0CC00F0C0BB /* GTLCalendarCalendarList.m in Sources */ = {isa = PBXBuildFile; fileRef = A5FC7D461AEBD0CC00F0C0BB /* GTLCalendarCalendarList.m */; };
		A5FC7D771AEBD0CC00F0C0BB /* GTLCalendarCalendarListEntry.m in Sources */ = {isa = PBXBuildFile; fileRef = A5FC7D481AEBD0CC00F0C0BB /* GTLCalendarCalendarListEntry.m */; };
		A5FC7D781AEBD0CC00F0C0BB /* GTLCalendarChannel.m in Sources */ = {isa = PBXBuildFile; fileRef = A5FC7D4A1AEBD0CC00F0C0BB /* GTLCalendarChannel.m */; };
		A5FC7D791AEBD0CC00F0C0BB /* GTLCalendarColorDefinition.m in Sources */ = {isa = PBXBuildFile; fileRef = A5FC7D4C1AEBD0CC00F0C0BB /* GTLCalendarColorDefinition.m */; };
		A5FC7D7A1AEBD0CC00F0C0BB /* GTLCalendarColors.m in Sources */ = {isa = PBXBuildFile; fileRef = A5FC7D4E1AEBD0CC00F0C0BB /* GTLCalendarColors.m */; };
		A5FC7D7B1AEBD0CC00F0C0BB /* GTLCalendarConstants.m in Sources */ = {isa = PBXBuildFile; fileRef = A5FC7D501AEBD0CC00F0C0BB /* GTLCalendarConstants.m */; };
		A5FC7D7C1AEBD0CC00F0C0BB /* GTLCalendarError.m in Sources */ = {isa = PBXBuildFile; fileRef = A5FC7D521AEBD0CC00F0C0BB /* GTLCalendarError.m */; };
		A5FC7D7D1AEBD0CC00F0C0BB /* GTLCalendarEvent.m in Sources */ = {isa = PBXBuildFile; fileRef = A5FC7D541AEBD0CC00F0C0BB /* GTLCalendarEvent.m */; };
		A5FC7D7E1AEBD0CC00F0C0BB /* GTLCalendarEventAttachment.m in Sources */ = {isa = PBXBuildFile; fileRef = A5FC7D561AEBD0CC00F0C0BB /* GTLCalendarEventAttachment.m */; };
		A5FC7D7F1AEBD0CC00F0C0BB /* GTLCalendarEventAttendee.m in Sources */ = {isa = PBXBuildFile; fileRef = A5FC7D581AEBD0CC00F0C0BB /* GTLCalendarEventAttendee.m */; };
		A5FC7D801AEBD0CC00F0C0BB /* GTLCalendarEventDateTime.m in Sources */ = {isa = PBXBuildFile; fileRef = A5FC7D5A1AEBD0CC00F0C0BB /* GTLCalendarEventDateTime.m */; };
		A5FC7D811AEBD0CC00F0C0BB /* GTLCalendarEventReminder.m in Sources */ = {isa = PBXBuildFile; fileRef = A5FC7D5C1AEBD0CC00F0C0BB /* GTLCalendarEventReminder.m */; };
		A5FC7D821AEBD0CC00F0C0BB /* GTLCalendarEvents.m in Sources */ = {isa = PBXBuildFile; fileRef = A5FC7D5E1AEBD0CC00F0C0BB /* GTLCalendarEvents.m */; };
		A5FC7D831AEBD0CC00F0C0BB /* GTLCalendarFreeBusyCalendar.m in Sources */ = {isa = PBXBuildFile; fileRef = A5FC7D601AEBD0CC00F0C0BB /* GTLCalendarFreeBusyCalendar.m */; };
		A5FC7D841AEBD0CC00F0C0BB /* GTLCalendarFreeBusyGroup.m in Sources */ = {isa = PBXBuildFile; fileRef = A5FC7D621AEBD0CC00F0C0BB /* GTLCalendarFreeBusyGroup.m */; };
		A5FC7D851AEBD0CC00F0C0BB /* GTLCalendarFreeBusyRequestItem.m in Sources */ = {isa = PBXBuildFile; fileRef = A5FC7D641AEBD0CC00F0C0BB /* GTLCalendarFreeBusyRequestItem.m */; };
		A5FC7D861AEBD0CC00F0C0BB /* GTLCalendarFreeBusyResponse.m in Sources */ = {isa = PBXBuildFile; fileRef = A5FC7D661AEBD0CC00F0C0BB /* GTLCalendarFreeBusyResponse.m */; };
		A5FC7D871AEBD0CC00F0C0BB /* GTLCalendarNotification.m in Sources */ = {isa = PBXBuildFile; fileRef = A5FC7D681AEBD0CC00F0C0BB /* GTLCalendarNotification.m */; };
		A5FC7D881AEBD0CC00F0C0BB /* GTLCalendarSetting.m in Sources */ = {isa = PBXBuildFile; fileRef = A5FC7D6A1AEBD0CC00F0C0BB /* GTLCalendarSetting.m */; };
		A5FC7D891AEBD0CC00F0C0BB /* GTLCalendarSettings.m in Sources */ = {isa = PBXBuildFile; fileRef = A5FC7D6C1AEBD0CC00F0C0BB /* GTLCalendarSettings.m */; };
		A5FC7D8A1AEBD0CC00F0C0BB /* GTLCalendarTimePeriod.m in Sources */ = {isa = PBXBuildFile; fileRef = A5FC7D6E1AEBD0CC00F0C0BB /* GTLCalendarTimePeriod.m */; };
		A5FC7D8B1AEBD0CC00F0C0BB /* GTLQueryCalendar.m in Sources */ = {isa = PBXBuildFile; fileRef = A5FC7D701AEBD0CC00F0C0BB /* GTLQueryCalendar.m */; };
		A5FC7D8C1AEBD0CC00F0C0BB /* GTLServiceCalendar.m in Sources */ = {isa = PBXBuildFile; fileRef = A5FC7D721AEBD0CC00F0C0BB /* GTLServiceCalendar.m */; };
		A5FC7D8F1AEBE68B00F0C0BB /* USEventTableViewController.m in Sources */ = {isa = PBXBuildFile; fileRef = A5FC7D8E1AEBE68B00F0C0BB /* USEventTableViewController.m */; };
		A5FC7D921AEE740700F0C0BB /* USEventDetailViewController.m in Sources */ = {isa = PBXBuildFile; fileRef = A5FC7D911AEE740700F0C0BB /* USEventDetailViewController.m */; };
		BC9019D608D3D1341092207B /* libPods-UberShare.a in Frameworks */ = {isa = PBXBuildFile; fileRef = 60C979D28CD773902A04F15B /* libPods-UberShare.a */; };
/* End PBXBuildFile section */

/* Begin PBXContainerItemProxy section */
		A5AACE221AE6660B0066ACEC /* PBXContainerItemProxy */ = {
			isa = PBXContainerItemProxy;
			containerPortal = A5AACE001AE6660B0066ACEC /* Project object */;
			proxyType = 1;
			remoteGlobalIDString = A5AACE071AE6660B0066ACEC;
			remoteInfo = UberShare;
		};
/* End PBXContainerItemProxy section */

/* Begin PBXFileReference section */
		0B1347AEF45164655A1FC6AF /* Pods-UberShare.release.xcconfig */ = {isa = PBXFileReference; includeInIndex = 1; lastKnownFileType = text.xcconfig; name = "Pods-UberShare.release.xcconfig"; path = "Pods/Target Support Files/Pods-UberShare/Pods-UberShare.release.xcconfig"; sourceTree = "<group>"; };
		1D14B74D9F39ABD0D82CEFD5 /* Pods-UberShare.debug.xcconfig */ = {isa = PBXFileReference; includeInIndex = 1; lastKnownFileType = text.xcconfig; name = "Pods-UberShare.debug.xcconfig"; path = "Pods/Target Support Files/Pods-UberShare/Pods-UberShare.debug.xcconfig"; sourceTree = "<group>"; };
		60C979D28CD773902A04F15B /* libPods-UberShare.a */ = {isa = PBXFileReference; explicitFileType = archive.ar; includeInIndex = 0; path = "libPods-UberShare.a"; sourceTree = BUILT_PRODUCTS_DIR; };
		A5AACE081AE6660B0066ACEC /* UberShare.app */ = {isa = PBXFileReference; explicitFileType = wrapper.application; includeInIndex = 0; path = UberShare.app; sourceTree = BUILT_PRODUCTS_DIR; };
		A5AACE0C1AE6660B0066ACEC /* Info.plist */ = {isa = PBXFileReference; lastKnownFileType = text.plist.xml; path = Info.plist; sourceTree = "<group>"; };
		A5AACE0D1AE6660B0066ACEC /* main.m */ = {isa = PBXFileReference; lastKnownFileType = sourcecode.c.objc; path = main.m; sourceTree = "<group>"; };
		A5AACE0F1AE6660B0066ACEC /* AppDelegate.h */ = {isa = PBXFileReference; lastKnownFileType = sourcecode.c.h; path = AppDelegate.h; sourceTree = "<group>"; };
		A5AACE101AE6660B0066ACEC /* AppDelegate.m */ = {isa = PBXFileReference; lastKnownFileType = sourcecode.c.objc; path = AppDelegate.m; sourceTree = "<group>"; };
		A5AACE161AE6660B0066ACEC /* Base */ = {isa = PBXFileReference; lastKnownFileType = file.storyboard; name = Base; path = Base.lproj/Main.storyboard; sourceTree = "<group>"; };
		A5AACE181AE6660B0066ACEC /* Images.xcassets */ = {isa = PBXFileReference; lastKnownFileType = folder.assetcatalog; path = Images.xcassets; sourceTree = "<group>"; };
		A5AACE1B1AE6660B0066ACEC /* Base */ = {isa = PBXFileReference; lastKnownFileType = file.xib; name = Base; path = Base.lproj/LaunchScreen.xib; sourceTree = "<group>"; };
		A5AACE211AE6660B0066ACEC /* UberShareTests.xctest */ = {isa = PBXFileReference; explicitFileType = wrapper.cfbundle; includeInIndex = 0; path = UberShareTests.xctest; sourceTree = BUILT_PRODUCTS_DIR; };
		A5AACE261AE6660B0066ACEC /* Info.plist */ = {isa = PBXFileReference; lastKnownFileType = text.plist.xml; path = Info.plist; sourceTree = "<group>"; };
		A5AACE271AE6660B0066ACEC /* UberShareTests.m */ = {isa = PBXFileReference; lastKnownFileType = sourcecode.c.objc; path = UberShareTests.m; sourceTree = "<group>"; };
		A5B389961AE66A5F003614F6 /* USViewController.h */ = {isa = PBXFileReference; fileEncoding = 4; lastKnownFileType = sourcecode.c.h; path = USViewController.h; sourceTree = "<group>"; };
		A5B389971AE66A5F003614F6 /* USViewController.m */ = {isa = PBXFileReference; fileEncoding = 4; lastKnownFileType = sourcecode.c.objc; path = USViewController.m; sourceTree = "<group>"; };
		A5FC7D3E1AEBD0CC00F0C0BB /* GTLCalendar.h */ = {isa = PBXFileReference; fileEncoding = 4; lastKnownFileType = sourcecode.c.h; path = GTLCalendar.h; sourceTree = "<group>"; };
		A5FC7D3F1AEBD0CC00F0C0BB /* GTLCalendarAcl.h */ = {isa = PBXFileReference; fileEncoding = 4; lastKnownFileType = sourcecode.c.h; path = GTLCalendarAcl.h; sourceTree = "<group>"; };
		A5FC7D401AEBD0CC00F0C0BB /* GTLCalendarAcl.m */ = {isa = PBXFileReference; fileEncoding = 4; lastKnownFileType = sourcecode.c.objc; path = GTLCalendarAcl.m; sourceTree = "<group>"; };
		A5FC7D411AEBD0CC00F0C0BB /* GTLCalendarAclRule.h */ = {isa = PBXFileReference; fileEncoding = 4; lastKnownFileType = sourcecode.c.h; path = GTLCalendarAclRule.h; sourceTree = "<group>"; };
		A5FC7D421AEBD0CC00F0C0BB /* GTLCalendarAclRule.m */ = {isa = PBXFileReference; fileEncoding = 4; lastKnownFileType = sourcecode.c.objc; path = GTLCalendarAclRule.m; sourceTree = "<group>"; };
		A5FC7D431AEBD0CC00F0C0BB /* GTLCalendarCalendar.h */ = {isa = PBXFileReference; fileEncoding = 4; lastKnownFileType = sourcecode.c.h; path = GTLCalendarCalendar.h; sourceTree = "<group>"; };
		A5FC7D441AEBD0CC00F0C0BB /* GTLCalendarCalendar.m */ = {isa = PBXFileReference; fileEncoding = 4; lastKnownFileType = sourcecode.c.objc; path = GTLCalendarCalendar.m; sourceTree = "<group>"; };
		A5FC7D451AEBD0CC00F0C0BB /* GTLCalendarCalendarList.h */ = {isa = PBXFileReference; fileEncoding = 4; lastKnownFileType = sourcecode.c.h; path = GTLCalendarCalendarList.h; sourceTree = "<group>"; };
		A5FC7D461AEBD0CC00F0C0BB /* GTLCalendarCalendarList.m */ = {isa = PBXFileReference; fileEncoding = 4; lastKnownFileType = sourcecode.c.objc; path = GTLCalendarCalendarList.m; sourceTree = "<group>"; };
		A5FC7D471AEBD0CC00F0C0BB /* GTLCalendarCalendarListEntry.h */ = {isa = PBXFileReference; fileEncoding = 4; lastKnownFileType = sourcecode.c.h; path = GTLCalendarCalendarListEntry.h; sourceTree = "<group>"; };
		A5FC7D481AEBD0CC00F0C0BB /* GTLCalendarCalendarListEntry.m */ = {isa = PBXFileReference; fileEncoding = 4; lastKnownFileType = sourcecode.c.objc; path = GTLCalendarCalendarListEntry.m; sourceTree = "<group>"; };
		A5FC7D491AEBD0CC00F0C0BB /* GTLCalendarChannel.h */ = {isa = PBXFileReference; fileEncoding = 4; lastKnownFileType = sourcecode.c.h; path = GTLCalendarChannel.h; sourceTree = "<group>"; };
		A5FC7D4A1AEBD0CC00F0C0BB /* GTLCalendarChannel.m */ = {isa = PBXFileReference; fileEncoding = 4; lastKnownFileType = sourcecode.c.objc; path = GTLCalendarChannel.m; sourceTree = "<group>"; };
		A5FC7D4B1AEBD0CC00F0C0BB /* GTLCalendarColorDefinition.h */ = {isa = PBXFileReference; fileEncoding = 4; lastKnownFileType = sourcecode.c.h; path = GTLCalendarColorDefinition.h; sourceTree = "<group>"; };
		A5FC7D4C1AEBD0CC00F0C0BB /* GTLCalendarColorDefinition.m */ = {isa = PBXFileReference; fileEncoding = 4; lastKnownFileType = sourcecode.c.objc; path = GTLCalendarColorDefinition.m; sourceTree = "<group>"; };
		A5FC7D4D1AEBD0CC00F0C0BB /* GTLCalendarColors.h */ = {isa = PBXFileReference; fileEncoding = 4; lastKnownFileType = sourcecode.c.h; path = GTLCalendarColors.h; sourceTree = "<group>"; };
		A5FC7D4E1AEBD0CC00F0C0BB /* GTLCalendarColors.m */ = {isa = PBXFileReference; fileEncoding = 4; lastKnownFileType = sourcecode.c.objc; path = GTLCalendarColors.m; sourceTree = "<group>"; };
		A5FC7D4F1AEBD0CC00F0C0BB /* GTLCalendarConstants.h */ = {isa = PBXFileReference; fileEncoding = 4; lastKnownFileType = sourcecode.c.h; path = GTLCalendarConstants.h; sourceTree = "<group>"; };
		A5FC7D501AEBD0CC00F0C0BB /* GTLCalendarConstants.m */ = {isa = PBXFileReference; fileEncoding = 4; lastKnownFileType = sourcecode.c.objc; path = GTLCalendarConstants.m; sourceTree = "<group>"; };
		A5FC7D511AEBD0CC00F0C0BB /* GTLCalendarError.h */ = {isa = PBXFileReference; fileEncoding = 4; lastKnownFileType = sourcecode.c.h; path = GTLCalendarError.h; sourceTree = "<group>"; };
		A5FC7D521AEBD0CC00F0C0BB /* GTLCalendarError.m */ = {isa = PBXFileReference; fileEncoding = 4; lastKnownFileType = sourcecode.c.objc; path = GTLCalendarError.m; sourceTree = "<group>"; };
		A5FC7D531AEBD0CC00F0C0BB /* GTLCalendarEvent.h */ = {isa = PBXFileReference; fileEncoding = 4; lastKnownFileType = sourcecode.c.h; path = GTLCalendarEvent.h; sourceTree = "<group>"; };
		A5FC7D541AEBD0CC00F0C0BB /* GTLCalendarEvent.m */ = {isa = PBXFileReference; fileEncoding = 4; lastKnownFileType = sourcecode.c.objc; path = GTLCalendarEvent.m; sourceTree = "<group>"; };
		A5FC7D551AEBD0CC00F0C0BB /* GTLCalendarEventAttachment.h */ = {isa = PBXFileReference; fileEncoding = 4; lastKnownFileType = sourcecode.c.h; path = GTLCalendarEventAttachment.h; sourceTree = "<group>"; };
		A5FC7D561AEBD0CC00F0C0BB /* GTLCalendarEventAttachment.m */ = {isa = PBXFileReference; fileEncoding = 4; lastKnownFileType = sourcecode.c.objc; path = GTLCalendarEventAttachment.m; sourceTree = "<group>"; };
		A5FC7D571AEBD0CC00F0C0BB /* GTLCalendarEventAttendee.h */ = {isa = PBXFileReference; fileEncoding = 4; lastKnownFileType = sourcecode.c.h; path = GTLCalendarEventAttendee.h; sourceTree = "<group>"; };
		A5FC7D581AEBD0CC00F0C0BB /* GTLCalendarEventAttendee.m */ = {isa = PBXFileReference; fileEncoding = 4; lastKnownFileType = sourcecode.c.objc; path = GTLCalendarEventAttendee.m; sourceTree = "<group>"; };
		A5FC7D591AEBD0CC00F0C0BB /* GTLCalendarEventDateTime.h */ = {isa = PBXFileReference; fileEncoding = 4; lastKnownFileType = sourcecode.c.h; path = GTLCalendarEventDateTime.h; sourceTree = "<group>"; };
		A5FC7D5A1AEBD0CC00F0C0BB /* GTLCalendarEventDateTime.m */ = {isa = PBXFileReference; fileEncoding = 4; lastKnownFileType = sourcecode.c.objc; path = GTLCalendarEventDateTime.m; sourceTree = "<group>"; };
		A5FC7D5B1AEBD0CC00F0C0BB /* GTLCalendarEventReminder.h */ = {isa = PBXFileReference; fileEncoding = 4; lastKnownFileType = sourcecode.c.h; path = GTLCalendarEventReminder.h; sourceTree = "<group>"; };
		A5FC7D5C1AEBD0CC00F0C0BB /* GTLCalendarEventReminder.m */ = {isa = PBXFileReference; fileEncoding = 4; lastKnownFileType = sourcecode.c.objc; path = GTLCalendarEventReminder.m; sourceTree = "<group>"; };
		A5FC7D5D1AEBD0CC00F0C0BB /* GTLCalendarEvents.h */ = {isa = PBXFileReference; fileEncoding = 4; lastKnownFileType = sourcecode.c.h; path = GTLCalendarEvents.h; sourceTree = "<group>"; };
		A5FC7D5E1AEBD0CC00F0C0BB /* GTLCalendarEvents.m */ = {isa = PBXFileReference; fileEncoding = 4; lastKnownFileType = sourcecode.c.objc; path = GTLCalendarEvents.m; sourceTree = "<group>"; };
		A5FC7D5F1AEBD0CC00F0C0BB /* GTLCalendarFreeBusyCalendar.h */ = {isa = PBXFileReference; fileEncoding = 4; lastKnownFileType = sourcecode.c.h; path = GTLCalendarFreeBusyCalendar.h; sourceTree = "<group>"; };
		A5FC7D601AEBD0CC00F0C0BB /* GTLCalendarFreeBusyCalendar.m */ = {isa = PBXFileReference; fileEncoding = 4; lastKnownFileType = sourcecode.c.objc; path = GTLCalendarFreeBusyCalendar.m; sourceTree = "<group>"; };
		A5FC7D611AEBD0CC00F0C0BB /* GTLCalendarFreeBusyGroup.h */ = {isa = PBXFileReference; fileEncoding = 4; lastKnownFileType = sourcecode.c.h; path = GTLCalendarFreeBusyGroup.h; sourceTree = "<group>"; };
		A5FC7D621AEBD0CC00F0C0BB /* GTLCalendarFreeBusyGroup.m */ = {isa = PBXFileReference; fileEncoding = 4; lastKnownFileType = sourcecode.c.objc; path = GTLCalendarFreeBusyGroup.m; sourceTree = "<group>"; };
		A5FC7D631AEBD0CC00F0C0BB /* GTLCalendarFreeBusyRequestItem.h */ = {isa = PBXFileReference; fileEncoding = 4; lastKnownFileType = sourcecode.c.h; path = GTLCalendarFreeBusyRequestItem.h; sourceTree = "<group>"; };
		A5FC7D641AEBD0CC00F0C0BB /* GTLCalendarFreeBusyRequestItem.m */ = {isa = PBXFileReference; fileEncoding = 4; lastKnownFileType = sourcecode.c.objc; path = GTLCalendarFreeBusyRequestItem.m; sourceTree = "<group>"; };
		A5FC7D651AEBD0CC00F0C0BB /* GTLCalendarFreeBusyResponse.h */ = {isa = PBXFileReference; fileEncoding = 4; lastKnownFileType = sourcecode.c.h; path = GTLCalendarFreeBusyResponse.h; sourceTree = "<group>"; };
		A5FC7D661AEBD0CC00F0C0BB /* GTLCalendarFreeBusyResponse.m */ = {isa = PBXFileReference; fileEncoding = 4; lastKnownFileType = sourcecode.c.objc; path = GTLCalendarFreeBusyResponse.m; sourceTree = "<group>"; };
		A5FC7D671AEBD0CC00F0C0BB /* GTLCalendarNotification.h */ = {isa = PBXFileReference; fileEncoding = 4; lastKnownFileType = sourcecode.c.h; path = GTLCalendarNotification.h; sourceTree = "<group>"; };
		A5FC7D681AEBD0CC00F0C0BB /* GTLCalendarNotification.m */ = {isa = PBXFileReference; fileEncoding = 4; lastKnownFileType = sourcecode.c.objc; path = GTLCalendarNotification.m; sourceTree = "<group>"; };
		A5FC7D691AEBD0CC00F0C0BB /* GTLCalendarSetting.h */ = {isa = PBXFileReference; fileEncoding = 4; lastKnownFileType = sourcecode.c.h; path = GTLCalendarSetting.h; sourceTree = "<group>"; };
		A5FC7D6A1AEBD0CC00F0C0BB /* GTLCalendarSetting.m */ = {isa = PBXFileReference; fileEncoding = 4; lastKnownFileType = sourcecode.c.objc; path = GTLCalendarSetting.m; sourceTree = "<group>"; };
		A5FC7D6B1AEBD0CC00F0C0BB /* GTLCalendarSettings.h */ = {isa = PBXFileReference; fileEncoding = 4; lastKnownFileType = sourcecode.c.h; path = GTLCalendarSettings.h; sourceTree = "<group>"; };
		A5FC7D6C1AEBD0CC00F0C0BB /* GTLCalendarSettings.m */ = {isa = PBXFileReference; fileEncoding = 4; lastKnownFileType = sourcecode.c.objc; path = GTLCalendarSettings.m; sourceTree = "<group>"; };
		A5FC7D6D1AEBD0CC00F0C0BB /* GTLCalendarTimePeriod.h */ = {isa = PBXFileReference; fileEncoding = 4; lastKnownFileType = sourcecode.c.h; path = GTLCalendarTimePeriod.h; sourceTree = "<group>"; };
		A5FC7D6E1AEBD0CC00F0C0BB /* GTLCalendarTimePeriod.m */ = {isa = PBXFileReference; fileEncoding = 4; lastKnownFileType = sourcecode.c.objc; path = GTLCalendarTimePeriod.m; sourceTree = "<group>"; };
		A5FC7D6F1AEBD0CC00F0C0BB /* GTLQueryCalendar.h */ = {isa = PBXFileReference; fileEncoding = 4; lastKnownFileType = sourcecode.c.h; path = GTLQueryCalendar.h; sourceTree = "<group>"; };
		A5FC7D701AEBD0CC00F0C0BB /* GTLQueryCalendar.m */ = {isa = PBXFileReference; fileEncoding = 4; lastKnownFileType = sourcecode.c.objc; path = GTLQueryCalendar.m; sourceTree = "<group>"; };
		A5FC7D711AEBD0CC00F0C0BB /* GTLServiceCalendar.h */ = {isa = PBXFileReference; fileEncoding = 4; lastKnownFileType = sourcecode.c.h; path = GTLServiceCalendar.h; sourceTree = "<group>"; };
		A5FC7D721AEBD0CC00F0C0BB /* GTLServiceCalendar.m */ = {isa = PBXFileReference; fileEncoding = 4; lastKnownFileType = sourcecode.c.objc; path = GTLServiceCalendar.m; sourceTree = "<group>"; };
		A5FC7D8D1AEBE68B00F0C0BB /* USEventTableViewController.h */ = {isa = PBXFileReference; fileEncoding = 4; lastKnownFileType = sourcecode.c.h; path = USEventTableViewController.h; sourceTree = "<group>"; };
		A5FC7D8E1AEBE68B00F0C0BB /* USEventTableViewController.m */ = {isa = PBXFileReference; fileEncoding = 4; lastKnownFileType = sourcecode.c.objc; path = USEventTableViewController.m; sourceTree = "<group>"; };
		A5FC7D901AEE740700F0C0BB /* USEventDetailViewController.h */ = {isa = PBXFileReference; fileEncoding = 4; lastKnownFileType = sourcecode.c.h; path = USEventDetailViewController.h; sourceTree = "<group>"; };
		A5FC7D911AEE740700F0C0BB /* USEventDetailViewController.m */ = {isa = PBXFileReference; fileEncoding = 4; lastKnownFileType = sourcecode.c.objc; path = USEventDetailViewController.m; sourceTree = "<group>"; };
/* End PBXFileReference section */

/* Begin PBXFrameworksBuildPhase section */
		A5AACE051AE6660B0066ACEC /* Frameworks */ = {
			isa = PBXFrameworksBuildPhase;
			buildActionMask = 2147483647;
			files = (
				BC9019D608D3D1341092207B /* libPods-UberShare.a in Frameworks */,
			);
			runOnlyForDeploymentPostprocessing = 0;
		};
		A5AACE1E1AE6660B0066ACEC /* Frameworks */ = {
			isa = PBXFrameworksBuildPhase;
			buildActionMask = 2147483647;
			files = (
			);
			runOnlyForDeploymentPostprocessing = 0;
		};
/* End PBXFrameworksBuildPhase section */

/* Begin PBXGroup section */
		3EE7A8CB1469FEE8239CF4F0 /* Pods */ = {
			isa = PBXGroup;
			children = (
				1D14B74D9F39ABD0D82CEFD5 /* Pods-UberShare.debug.xcconfig */,
				0B1347AEF45164655A1FC6AF /* Pods-UberShare.release.xcconfig */,
			);
			name = Pods;
			sourceTree = "<group>";
		};
		9CFEA81D7D9AA9BA367FC82A /* Frameworks */ = {
			isa = PBXGroup;
			children = (
				60C979D28CD773902A04F15B /* libPods-UberShare.a */,
			);
			name = Frameworks;
			sourceTree = "<group>";
		};
		A5AACDFF1AE6660B0066ACEC = {
			isa = PBXGroup;
			children = (
				A5AACE0A1AE6660B0066ACEC /* UberShare */,
				A5AACE241AE6660B0066ACEC /* UberShareTests */,
				A5AACE091AE6660B0066ACEC /* Products */,
				3EE7A8CB1469FEE8239CF4F0 /* Pods */,
				9CFEA81D7D9AA9BA367FC82A /* Frameworks */,
			);
			sourceTree = "<group>";
		};
		A5AACE091AE6660B0066ACEC /* Products */ = {
			isa = PBXGroup;
			children = (
				A5AACE081AE6660B0066ACEC /* UberShare.app */,
				A5AACE211AE6660B0066ACEC /* UberShareTests.xctest */,
			);
			name = Products;
			sourceTree = "<group>";
		};
		A5AACE0A1AE6660B0066ACEC /* UberShare */ = {
			isa = PBXGroup;
			children = (
				A5FC7D3D1AEBD0A500F0C0BB /* Calendar */,
				A5AACE0F1AE6660B0066ACEC /* AppDelegate.h */,
				A5AACE101AE6660B0066ACEC /* AppDelegate.m */,
				A5AACE151AE6660B0066ACEC /* Main.storyboard */,
				A5AACE181AE6660B0066ACEC /* Images.xcassets */,
				A5AACE1A1AE6660B0066ACEC /* LaunchScreen.xib */,
				A5AACE0B1AE6660B0066ACEC /* Supporting Files */,
				A5B389961AE66A5F003614F6 /* USViewController.h */,
				A5B389971AE66A5F003614F6 /* USViewController.m */,
				A5FC7D8D1AEBE68B00F0C0BB /* USEventTableViewController.h */,
				A5FC7D8E1AEBE68B00F0C0BB /* USEventTableViewController.m */,
				A5FC7D901AEE740700F0C0BB /* USEventDetailViewController.h */,
				A5FC7D911AEE740700F0C0BB /* USEventDetailViewController.m */,
			);
			path = UberShare;
			sourceTree = "<group>";
		};
		A5AACE0B1AE6660B0066ACEC /* Supporting Files */ = {
			isa = PBXGroup;
			children = (
				A5AACE0C1AE6660B0066ACEC /* Info.plist */,
				A5AACE0D1AE6660B0066ACEC /* main.m */,
			);
			name = "Supporting Files";
			sourceTree = "<group>";
		};
		A5AACE241AE6660B0066ACEC /* UberShareTests */ = {
			isa = PBXGroup;
			children = (
				A5AACE271AE6660B0066ACEC /* UberShareTests.m */,
				A5AACE251AE6660B0066ACEC /* Supporting Files */,
			);
			path = UberShareTests;
			sourceTree = "<group>";
		};
		A5AACE251AE6660B0066ACEC /* Supporting Files */ = {
			isa = PBXGroup;
			children = (
				A5AACE261AE6660B0066ACEC /* Info.plist */,
			);
			name = "Supporting Files";
			sourceTree = "<group>";
		};
		A5FC7D3D1AEBD0A500F0C0BB /* Calendar */ = {
			isa = PBXGroup;
			children = (
				A5FC7D3E1AEBD0CC00F0C0BB /* GTLCalendar.h */,
				A5FC7D3F1AEBD0CC00F0C0BB /* GTLCalendarAcl.h */,
				A5FC7D401AEBD0CC00F0C0BB /* GTLCalendarAcl.m */,
				A5FC7D411AEBD0CC00F0C0BB /* GTLCalendarAclRule.h */,
				A5FC7D421AEBD0CC00F0C0BB /* GTLCalendarAclRule.m */,
				A5FC7D431AEBD0CC00F0C0BB /* GTLCalendarCalendar.h */,
				A5FC7D441AEBD0CC00F0C0BB /* GTLCalendarCalendar.m */,
				A5FC7D451AEBD0CC00F0C0BB /* GTLCalendarCalendarList.h */,
				A5FC7D461AEBD0CC00F0C0BB /* GTLCalendarCalendarList.m */,
				A5FC7D471AEBD0CC00F0C0BB /* GTLCalendarCalendarListEntry.h */,
				A5FC7D481AEBD0CC00F0C0BB /* GTLCalendarCalendarListEntry.m */,
				A5FC7D491AEBD0CC00F0C0BB /* GTLCalendarChannel.h */,
				A5FC7D4A1AEBD0CC00F0C0BB /* GTLCalendarChannel.m */,
				A5FC7D4B1AEBD0CC00F0C0BB /* GTLCalendarColorDefinition.h */,
				A5FC7D4C1AEBD0CC00F0C0BB /* GTLCalendarColorDefinition.m */,
				A5FC7D4D1AEBD0CC00F0C0BB /* GTLCalendarColors.h */,
				A5FC7D4E1AEBD0CC00F0C0BB /* GTLCalendarColors.m */,
				A5FC7D4F1AEBD0CC00F0C0BB /* GTLCalendarConstants.h */,
				A5FC7D501AEBD0CC00F0C0BB /* GTLCalendarConstants.m */,
				A5FC7D511AEBD0CC00F0C0BB /* GTLCalendarError.h */,
				A5FC7D521AEBD0CC00F0C0BB /* GTLCalendarError.m */,
				A5FC7D531AEBD0CC00F0C0BB /* GTLCalendarEvent.h */,
				A5FC7D541AEBD0CC00F0C0BB /* GTLCalendarEvent.m */,
				A5FC7D551AEBD0CC00F0C0BB /* GTLCalendarEventAttachment.h */,
				A5FC7D561AEBD0CC00F0C0BB /* GTLCalendarEventAttachment.m */,
				A5FC7D571AEBD0CC00F0C0BB /* GTLCalendarEventAttendee.h */,
				A5FC7D581AEBD0CC00F0C0BB /* GTLCalendarEventAttendee.m */,
				A5FC7D591AEBD0CC00F0C0BB /* GTLCalendarEventDateTime.h */,
				A5FC7D5A1AEBD0CC00F0C0BB /* GTLCalendarEventDateTime.m */,
				A5FC7D5B1AEBD0CC00F0C0BB /* GTLCalendarEventReminder.h */,
				A5FC7D5C1AEBD0CC00F0C0BB /* GTLCalendarEventReminder.m */,
				A5FC7D5D1AEBD0CC00F0C0BB /* GTLCalendarEvents.h */,
				A5FC7D5E1AEBD0CC00F0C0BB /* GTLCalendarEvents.m */,
				A5FC7D5F1AEBD0CC00F0C0BB /* GTLCalendarFreeBusyCalendar.h */,
				A5FC7D601AEBD0CC00F0C0BB /* GTLCalendarFreeBusyCalendar.m */,
				A5FC7D611AEBD0CC00F0C0BB /* GTLCalendarFreeBusyGroup.h */,
				A5FC7D621AEBD0CC00F0C0BB /* GTLCalendarFreeBusyGroup.m */,
				A5FC7D631AEBD0CC00F0C0BB /* GTLCalendarFreeBusyRequestItem.h */,
				A5FC7D641AEBD0CC00F0C0BB /* GTLCalendarFreeBusyRequestItem.m */,
				A5FC7D651AEBD0CC00F0C0BB /* GTLCalendarFreeBusyResponse.h */,
				A5FC7D661AEBD0CC00F0C0BB /* GTLCalendarFreeBusyResponse.m */,
				A5FC7D671AEBD0CC00F0C0BB /* GTLCalendarNotification.h */,
				A5FC7D681AEBD0CC00F0C0BB /* GTLCalendarNotification.m */,
				A5FC7D691AEBD0CC00F0C0BB /* GTLCalendarSetting.h */,
				A5FC7D6A1AEBD0CC00F0C0BB /* GTLCalendarSetting.m */,
				A5FC7D6B1AEBD0CC00F0C0BB /* GTLCalendarSettings.h */,
				A5FC7D6C1AEBD0CC00F0C0BB /* GTLCalendarSettings.m */,
				A5FC7D6D1AEBD0CC00F0C0BB /* GTLCalendarTimePeriod.h */,
				A5FC7D6E1AEBD0CC00F0C0BB /* GTLCalendarTimePeriod.m */,
				A5FC7D6F1AEBD0CC00F0C0BB /* GTLQueryCalendar.h */,
				A5FC7D701AEBD0CC00F0C0BB /* GTLQueryCalendar.m */,
				A5FC7D711AEBD0CC00F0C0BB /* GTLServiceCalendar.h */,
				A5FC7D721AEBD0CC00F0C0BB /* GTLServiceCalendar.m */,
			);
			name = Calendar;
			sourceTree = "<group>";
		};
/* End PBXGroup section */

/* Begin PBXNativeTarget section */
		A5AACE071AE6660B0066ACEC /* UberShare */ = {
			isa = PBXNativeTarget;
			buildConfigurationList = A5AACE2B1AE6660B0066ACEC /* Build configuration list for PBXNativeTarget "UberShare" */;
			buildPhases = (
				2229B9F41EBBF9B28FB75E35 /* Check Pods Manifest.lock */,
				A5AACE041AE6660B0066ACEC /* Sources */,
				A5AACE051AE6660B0066ACEC /* Frameworks */,
				A5AACE061AE6660B0066ACEC /* Resources */,
				0FB1C3DCC6CD33D565D2386D /* Copy Pods Resources */,
			);
			buildRules = (
			);
			dependencies = (
			);
			name = UberShare;
			productName = UberShare;
			productReference = A5AACE081AE6660B0066ACEC /* UberShare.app */;
			productType = "com.apple.product-type.application";
		};
		A5AACE201AE6660B0066ACEC /* UberShareTests */ = {
			isa = PBXNativeTarget;
			buildConfigurationList = A5AACE2E1AE6660B0066ACEC /* Build configuration list for PBXNativeTarget "UberShareTests" */;
			buildPhases = (
				A5AACE1D1AE6660B0066ACEC /* Sources */,
				A5AACE1E1AE6660B0066ACEC /* Frameworks */,
				A5AACE1F1AE6660B0066ACEC /* Resources */,
			);
			buildRules = (
			);
			dependencies = (
				A5AACE231AE6660B0066ACEC /* PBXTargetDependency */,
			);
			name = UberShareTests;
			productName = UberShareTests;
			productReference = A5AACE211AE6660B0066ACEC /* UberShareTests.xctest */;
			productType = "com.apple.product-type.bundle.unit-test";
		};
/* End PBXNativeTarget section */

/* Begin PBXProject section */
		A5AACE001AE6660B0066ACEC /* Project object */ = {
			isa = PBXProject;
			attributes = {
				LastUpgradeCheck = 0630;
				ORGANIZATIONNAME = "Johnson Ejezie";
				TargetAttributes = {
					A5AACE071AE6660B0066ACEC = {
						CreatedOnToolsVersion = 6.3;
					};
					A5AACE201AE6660B0066ACEC = {
						CreatedOnToolsVersion = 6.3;
						TestTargetID = A5AACE071AE6660B0066ACEC;
					};
				};
			};
			buildConfigurationList = A5AACE031AE6660B0066ACEC /* Build configuration list for PBXProject "UberShare" */;
			compatibilityVersion = "Xcode 3.2";
			developmentRegion = English;
			hasScannedForEncodings = 0;
			knownRegions = (
				en,
				Base,
			);
			mainGroup = A5AACDFF1AE6660B0066ACEC;
			productRefGroup = A5AACE091AE6660B0066ACEC /* Products */;
			projectDirPath = "";
			projectRoot = "";
			targets = (
				A5AACE071AE6660B0066ACEC /* UberShare */,
				A5AACE201AE6660B0066ACEC /* UberShareTests */,
			);
		};
/* End PBXProject section */

/* Begin PBXResourcesBuildPhase section */
		A5AACE061AE6660B0066ACEC /* Resources */ = {
			isa = PBXResourcesBuildPhase;
			buildActionMask = 2147483647;
			files = (
				A5AACE171AE6660B0066ACEC /* Main.storyboard in Resources */,
				A5AACE1C1AE6660B0066ACEC /* LaunchScreen.xib in Resources */,
				A5AACE191AE6660B0066ACEC /* Images.xcassets in Resources */,
			);
			runOnlyForDeploymentPostprocessing = 0;
		};
		A5AACE1F1AE6660B0066ACEC /* Resources */ = {
			isa = PBXResourcesBuildPhase;
			buildActionMask = 2147483647;
			files = (
			);
			runOnlyForDeploymentPostprocessing = 0;
		};
/* End PBXResourcesBuildPhase section */

/* Begin PBXShellScriptBuildPhase section */
		0FB1C3DCC6CD33D565D2386D /* Copy Pods Resources */ = {
			isa = PBXShellScriptBuildPhase;
			buildActionMask = 2147483647;
			files = (
			);
			inputPaths = (
			);
			name = "Copy Pods Resources";
			outputPaths = (
			);
			runOnlyForDeploymentPostprocessing = 0;
			shellPath = /bin/sh;
			shellScript = "\"${SRCROOT}/Pods/Target Support Files/Pods-UberShare/Pods-UberShare-resources.sh\"\n";
			showEnvVarsInLog = 0;
		};
		2229B9F41EBBF9B28FB75E35 /* Check Pods Manifest.lock */ = {
			isa = PBXShellScriptBuildPhase;
			buildActionMask = 2147483647;
			files = (
			);
			inputPaths = (
			);
			name = "Check Pods Manifest.lock";
			outputPaths = (
			);
			runOnlyForDeploymentPostprocessing = 0;
			shellPath = /bin/sh;
			shellScript = "diff \"${PODS_ROOT}/../Podfile.lock\" \"${PODS_ROOT}/Manifest.lock\" > /dev/null\nif [[ $? != 0 ]] ; then\n    cat << EOM\nerror: The sandbox is not in sync with the Podfile.lock. Run 'pod install' or update your CocoaPods installation.\nEOM\n    exit 1\nfi\n";
			showEnvVarsInLog = 0;
		};
/* End PBXShellScriptBuildPhase section */

/* Begin PBXSourcesBuildPhase section */
		A5AACE041AE6660B0066ACEC /* Sources */ = {
			isa = PBXSourcesBuildPhase;
			buildActionMask = 2147483647;
			files = (
				A5FC7D731AEBD0CC00F0C0BB /* GTLCalendarAcl.m in Sources */,
				A5FC7D741AEBD0CC00F0C0BB /* GTLCalendarAclRule.m in Sources */,
				A5FC7D811AEBD0CC00F0C0BB /* GTLCalendarEventReminder.m in Sources */,
				A5FC7D861AEBD0CC00F0C0BB /* GTLCalendarFreeBusyResponse.m in Sources */,
				A5FC7D8F1AEBE68B00F0C0BB /* USEventTableViewController.m in Sources */,
				A5FC7D871AEBD0CC00F0C0BB /* GTLCalendarNotification.m in Sources */,
				A5FC7D7F1AEBD0CC00F0C0BB /* GTLCalendarEventAttendee.m in Sources */,
				A5FC7D801AEBD0CC00F0C0BB /* GTLCalendarEventDateTime.m in Sources */,
				A5FC7D791AEBD0CC00F0C0BB /* GTLCalendarColorDefinition.m in Sources */,
				A5FC7D8B1AEBD0CC00F0C0BB /* GTLQueryCalendar.m in Sources */,
				A5FC7D7B1AEBD0CC00F0C0BB /* GTLCalendarConstants.m in Sources */,
				A5FC7D771AEBD0CC00F0C0BB /* GTLCalendarCalendarListEntry.m in Sources */,
				A5FC7D851AEBD0CC00F0C0BB /* GTLCalendarFreeBusyRequestItem.m in Sources */,
				A5AACE111AE6660B0066ACEC /* AppDelegate.m in Sources */,
				A5FC7D7D1AEBD0CC00F0C0BB /* GTLCalendarEvent.m in Sources */,
				A5FC7D761AEBD0CC00F0C0BB /* GTLCalendarCalendarList.m in Sources */,
				A5FC7D921AEE740700F0C0BB /* USEventDetailViewController.m in Sources */,
				A5FC7D881AEBD0CC00F0C0BB /* GTLCalendarSetting.m in Sources */,
				A5FC7D841AEBD0CC00F0C0BB /* GTLCalendarFreeBusyGroup.m in Sources */,
				A5FC7D891AEBD0CC00F0C0BB /* GTLCalendarSettings.m in Sources */,
				A5FC7D751AEBD0CC00F0C0BB /* GTLCalendarCalendar.m in Sources */,
				A5FC7D831AEBD0CC00F0C0BB /* GTLCalendarFreeBusyCalendar.m in Sources */,
				A5FC7D8C1AEBD0CC00F0C0BB /* GTLServiceCalendar.m in Sources */,
				A5FC7D7A1AEBD0CC00F0C0BB /* GTLCalendarColors.m in Sources */,
				A5B389981AE66A5F003614F6 /* USViewController.m in Sources */,
				A5FC7D781AEBD0CC00F0C0BB /* GTLCalendarChannel.m in Sources */,
				A5FC7D7E1AEBD0CC00F0C0BB /* GTLCalendarEventAttachment.m in Sources */,
				A5FC7D7C1AEBD0CC00F0C0BB /* GTLCalendarError.m in Sources */,
				A5AACE0E1AE6660B0066ACEC /* main.m in Sources */,
				A5FC7D8A1AEBD0CC00F0C0BB /* GTLCalendarTimePeriod.m in Sources */,
				A5FC7D821AEBD0CC00F0C0BB /* GTLCalendarEvents.m in Sources */,
			);
			runOnlyForDeploymentPostprocessing = 0;
		};
		A5AACE1D1AE6660B0066ACEC /* Sources */ = {
			isa = PBXSourcesBuildPhase;
			buildActionMask = 2147483647;
			files = (
				A5AACE281AE6660B0066ACEC /* UberShareTests.m in Sources */,
			);
			runOnlyForDeploymentPostprocessing = 0;
		};
/* End PBXSourcesBuildPhase section */

/* Begin PBXTargetDependency section */
		A5AACE231AE6660B0066ACEC /* PBXTargetDependency */ = {
			isa = PBXTargetDependency;
			target = A5AACE071AE6660B0066ACEC /* UberShare */;
			targetProxy = A5AACE221AE6660B0066ACEC /* PBXContainerItemProxy */;
		};
/* End PBXTargetDependency section */

/* Begin PBXVariantGroup section */
		A5AACE151AE6660B0066ACEC /* Main.storyboard */ = {
			isa = PBXVariantGroup;
			children = (
				A5AACE161AE6660B0066ACEC /* Base */,
			);
			name = Main.storyboard;
			sourceTree = "<group>";
		};
		A5AACE1A1AE6660B0066ACEC /* LaunchScreen.xib */ = {
			isa = PBXVariantGroup;
			children = (
				A5AACE1B1AE6660B0066ACEC /* Base */,
			);
			name = LaunchScreen.xib;
			sourceTree = "<group>";
		};
/* End PBXVariantGroup section */

/* Begin XCBuildConfiguration section */
		A5AACE291AE6660B0066ACEC /* Debug */ = {
			isa = XCBuildConfiguration;
			buildSettings = {
				ALWAYS_SEARCH_USER_PATHS = NO;
				CLANG_CXX_LANGUAGE_STANDARD = "gnu++0x";
				CLANG_CXX_LIBRARY = "libc++";
				CLANG_ENABLE_MODULES = YES;
				CLANG_ENABLE_OBJC_ARC = YES;
				CLANG_WARN_BOOL_CONVERSION = YES;
				CLANG_WARN_CONSTANT_CONVERSION = YES;
				CLANG_WARN_DIRECT_OBJC_ISA_USAGE = YES_ERROR;
				CLANG_WARN_EMPTY_BODY = YES;
				CLANG_WARN_ENUM_CONVERSION = YES;
				CLANG_WARN_INT_CONVERSION = YES;
				CLANG_WARN_OBJC_ROOT_CLASS = YES_ERROR;
				CLANG_WARN_UNREACHABLE_CODE = YES;
				CLANG_WARN__DUPLICATE_METHOD_MATCH = YES;
				"CODE_SIGN_IDENTITY[sdk=iphoneos*]" = "iPhone Developer";
				COPY_PHASE_STRIP = NO;
				DEBUG_INFORMATION_FORMAT = "dwarf-with-dsym";
				ENABLE_STRICT_OBJC_MSGSEND = YES;
				GCC_C_LANGUAGE_STANDARD = gnu99;
				GCC_DYNAMIC_NO_PIC = NO;
				GCC_NO_COMMON_BLOCKS = YES;
				GCC_OPTIMIZATION_LEVEL = 0;
				GCC_PREPROCESSOR_DEFINITIONS = (
					"DEBUG=1",
					"$(inherited)",
				);
				GCC_SYMBOLS_PRIVATE_EXTERN = NO;
				GCC_WARN_64_TO_32_BIT_CONVERSION = YES;
				GCC_WARN_ABOUT_RETURN_TYPE = YES_ERROR;
				GCC_WARN_UNDECLARED_SELECTOR = YES;
				GCC_WARN_UNINITIALIZED_AUTOS = YES_AGGRESSIVE;
				GCC_WARN_UNUSED_FUNCTION = YES;
				GCC_WARN_UNUSED_VARIABLE = YES;
				IPHONEOS_DEPLOYMENT_TARGET = 8.3;
				MTL_ENABLE_DEBUG_INFO = YES;
				ONLY_ACTIVE_ARCH = YES;
				SDKROOT = iphoneos;
			};
			name = Debug;
		};
		A5AACE2A1AE6660B0066ACEC /* Release */ = {
			isa = XCBuildConfiguration;
			buildSettings = {
				ALWAYS_SEARCH_USER_PATHS = NO;
				CLANG_CXX_LANGUAGE_STANDARD = "gnu++0x";
				CLANG_CXX_LIBRARY = "libc++";
				CLANG_ENABLE_MODULES = YES;
				CLANG_ENABLE_OBJC_ARC = YES;
				CLANG_WARN_BOOL_CONVERSION = YES;
				CLANG_WARN_CONSTANT_CONVERSION = YES;
				CLANG_WARN_DIRECT_OBJC_ISA_USAGE = YES_ERROR;
				CLANG_WARN_EMPTY_BODY = YES;
				CLANG_WARN_ENUM_CONVERSION = YES;
				CLANG_WARN_INT_CONVERSION = YES;
				CLANG_WARN_OBJC_ROOT_CLASS = YES_ERROR;
				CLANG_WARN_UNREACHABLE_CODE = YES;
				CLANG_WARN__DUPLICATE_METHOD_MATCH = YES;
				"CODE_SIGN_IDENTITY[sdk=iphoneos*]" = "iPhone Developer";
				COPY_PHASE_STRIP = NO;
				DEBUG_INFORMATION_FORMAT = "dwarf-with-dsym";
				ENABLE_NS_ASSERTIONS = NO;
				ENABLE_STRICT_OBJC_MSGSEND = YES;
				GCC_C_LANGUAGE_STANDARD = gnu99;
				GCC_NO_COMMON_BLOCKS = YES;
				GCC_WARN_64_TO_32_BIT_CONVERSION = YES;
				GCC_WARN_ABOUT_RETURN_TYPE = YES_ERROR;
				GCC_WARN_UNDECLARED_SELECTOR = YES;
				GCC_WARN_UNINITIALIZED_AUTOS = YES_AGGRESSIVE;
				GCC_WARN_UNUSED_FUNCTION = YES;
				GCC_WARN_UNUSED_VARIABLE = YES;
				IPHONEOS_DEPLOYMENT_TARGET = 8.3;
				MTL_ENABLE_DEBUG_INFO = NO;
				SDKROOT = iphoneos;
				VALIDATE_PRODUCT = YES;
			};
			name = Release;
		};
		A5AACE2C1AE6660B0066ACEC /* Debug */ = {
			isa = XCBuildConfiguration;
			baseConfigurationReference = 1D14B74D9F39ABD0D82CEFD5 /* Pods-UberShare.debug.xcconfig */;
			buildSettings = {
				ASSETCATALOG_COMPILER_APPICON_NAME = AppIcon;
				INFOPLIST_FILE = UberShare/Info.plist;
				LD_RUNPATH_SEARCH_PATHS = "$(inherited) @executable_path/Frameworks";
				PRODUCT_NAME = "$(TARGET_NAME)";
			};
			name = Debug;
		};
		A5AACE2D1AE6660B0066ACEC /* Release */ = {
			isa = XCBuildConfiguration;
			baseConfigurationReference = 0B1347AEF45164655A1FC6AF /* Pods-UberShare.release.xcconfig */;
			buildSettings = {
				ASSETCATALOG_COMPILER_APPICON_NAME = AppIcon;
				INFOPLIST_FILE = UberShare/Info.plist;
				LD_RUNPATH_SEARCH_PATHS = "$(inherited) @executable_path/Frameworks";
				PRODUCT_NAME = "$(TARGET_NAME)";
			};
			name = Release;
		};
		A5AACE2F1AE6660B0066ACEC /* Debug */ = {
			isa = XCBuildConfiguration;
			buildSettings = {
				BUNDLE_LOADER = "$(TEST_HOST)";
				FRAMEWORK_SEARCH_PATHS = (
					"$(SDKROOT)/Developer/Library/Frameworks",
					"$(inherited)",
				);
				GCC_PREPROCESSOR_DEFINITIONS = (
					"DEBUG=1",
					"$(inherited)",
				);
				INFOPLIST_FILE = UberShareTests/Info.plist;
				LD_RUNPATH_SEARCH_PATHS = "$(inherited) @executable_path/Frameworks @loader_path/Frameworks";
				PRODUCT_NAME = "$(TARGET_NAME)";
				TEST_HOST = "$(BUILT_PRODUCTS_DIR)/UberShare.app/UberShare";
			};
			name = Debug;
		};
		A5AACE301AE6660B0066ACEC /* Release */ = {
			isa = XCBuildConfiguration;
			buildSettings = {
				BUNDLE_LOADER = "$(TEST_HOST)";
				FRAMEWORK_SEARCH_PATHS = (
					"$(SDKROOT)/Developer/Library/Frameworks",
					"$(inherited)",
				);
				INFOPLIST_FILE = UberShareTests/Info.plist;
				LD_RUNPATH_SEARCH_PATHS = "$(inherited) @executable_path/Frameworks @loader_path/Frameworks";
				PRODUCT_NAME = "$(TARGET_NAME)";
				TEST_HOST = "$(BUILT_PRODUCTS_DIR)/UberShare.app/UberShare";
			};
			name = Release;
		};
/* End XCBuildConfiguration section */

/* Begin XCConfigurationList section */
		A5AACE031AE6660B0066ACEC /* Build configuration list for PBXProject "UberShare" */ = {
			isa = XCConfigurationList;
			buildConfigurations = (
				A5AACE291AE6660B0066ACEC /* Debug */,
				A5AACE2A1AE6660B0066ACEC /* Release */,
			);
			defaultConfigurationIsVisible = 0;
			defaultConfigurationName = Release;
		};
		A5AACE2B1AE6660B0066ACEC /* Build configuration list for PBXNativeTarget "UberShare" */ = {
			isa = XCConfigurationList;
			buildConfigurations = (
				A5AACE2C1AE6660B0066ACEC /* Debug */,
				A5AACE2D1AE6660B0066ACEC /* Release */,
			);
			defaultConfigurationIsVisible = 0;
			defaultConfigurationName = Release;
		};
		A5AACE2E1AE6660B0066ACEC /* Build configuration list for PBXNativeTarget "UberShareTests" */ = {
			isa = XCConfigurationList;
			buildConfigurations = (
				A5AACE2F1AE6660B0066ACEC /* Debug */,
				A5AACE301AE6660B0066ACEC /* Release */,
			);
			defaultConfigurationIsVisible = 0;
			defaultConfigurationName = Release;
		};
/* End XCConfigurationList section */
	};
	rootObject = A5AACE001AE6660B0066ACEC /* Project object */;
}
